
Microsoft Visual Studio Solution File, Format Version 12.00
# Visual Studio 15
VisualStudioVersion = 15.0.28307.1082
MinimumVisualStudioVersion = 10.0.40219.1
Project("{FAE04EC0-301F-11D3-BF4B-00C04F79EFBC}") = "Task6", "Task6\Task6.csproj", "{63D55A1D-7369-495F-B38E-F667DB7AEA5A}"
EndProject
Global
	GlobalSection(SolutionConfigurationPlatforms) = preSolution
		Debug|Any CPU = Debug|Any CPU
		Release|Any CPU = Release|Any CPU
	EndGlobalSection
	GlobalSection(ProjectConfigurationPlatforms) = postSolution
		{63D55A1D-7369-495F-B38E-F667DB7AEA5A}.Debug|Any CPU.ActiveCfg = Debug|Any CPU
		{63D55A1D-7369-495F-B38E-F667DB7AEA5A}.Debug|Any CPU.Build.0 = Debug|Any CPU
		{63D55A1D-7369-495F-B38E-F667DB7AEA5A}.Release|Any CPU.ActiveCfg = Release|Any CPU
		{63D55A1D-7369-495F-B38E-F667DB7AEA5A}.Release|Any CPU.Build.0 = Release|Any CPU
	EndGlobalSection
	GlobalSection(SolutionProperties) = preSolution
		HideSolutionNode = FALSE
	EndGlobalSection
	GlobalSection(ExtensibilityGlobals) = postSolution
		SolutionGuid = {6D6E7F61-82FA-4881-9D32-747C4678C1CA}
	EndGlobalSection
EndGlobal
